# This file is autogenerated, do not edit; changes may be undone by the next 'dep ensure'.


[[projects]]
  branch = "master"
  name = "github.com/jroimartin/gocui"
  packages = ["."]
  revision = "4f518eddb04b8f73870836b6d1941e8aa3c06637"

[[projects]]
  name = "github.com/mattn/go-runewidth"
  packages = ["."]
  revision = "9e777a8366cce605130a531d2cd6363d07ad7317"
  version = "v0.0.2"

[[projects]]
  branch = "master"
  name = "github.com/nsf/termbox-go"
  packages = ["."]
  revision = "10cefba34bc5e7a6e5df0836a42513c28a10e074"

[[projects]]
  name = "github.com/pkg/errors"
  packages = ["."]
  revision = "645ef00459ed84a119197bfb8d8205042c6df63d"
  version = "v0.8.0"

[solve-meta]
  analyzer-name = "dep"
  analyzer-version = 1
  inputs-digest = "86976388cebc960c7af337b66acf77e0b6cf60270e78296e97674a8785e9d248"
  solver-name = "gps-cdcl"
  solver-version = 1
